
Microsoft Visual Studio Solution File, Format Version 12.00
# Visual Studio 2013
VisualStudioVersion = 12.0.21005.1
MinimumVisualStudioVersion = 10.0.40219.1
Project("{FAE04EC0-301F-11D3-BF4B-00C04F79EFBC}") = "HechTex.RiotGamesAPIWrapper", "HechTex.RiotGamesAPIWrapper\HechTex.RiotGamesAPIWrapper.csproj", "{4319DCD7-EE69-4194-9ECA-828B02FD05AF}"
EndProject
Project("{2150E333-8FDC-42A3-9474-1A3956D46DE8}") = "lib", "lib", "{1F0E17CA-439A-499F-9164-1265B75E1311}"
	ProjectSection(SolutionItems) = preProject
		lib\Csharp-Extensions.dll = lib\Csharp-Extensions.dll
	EndProjectSection
EndProject
Global
	GlobalSection(SolutionConfigurationPlatforms) = preSolution
		Debug|Any CPU = Debug|Any CPU
		Release|Any CPU = Release|Any CPU
	EndGlobalSection
	GlobalSection(ProjectConfigurationPlatforms) = postSolution
		{4319DCD7-EE69-4194-9ECA-828B02FD05AF}.Debug|Any CPU.ActiveCfg = Debug|Any CPU
		{4319DCD7-EE69-4194-9ECA-828B02FD05AF}.Debug|Any CPU.Build.0 = Debug|Any CPU
		{4319DCD7-EE69-4194-9ECA-828B02FD05AF}.Release|Any CPU.ActiveCfg = Release|Any CPU
		{4319DCD7-EE69-4194-9ECA-828B02FD05AF}.Release|Any CPU.Build.0 = Release|Any CPU
	EndGlobalSection
	GlobalSection(SolutionProperties) = preSolution
		HideSolutionNode = FALSE
	EndGlobalSection
EndGlobal
